// !$*UTF8*$!
{
	archiveVersion = 1;
	classes = {
	};
	objectVersion = 50;
	objects = {

/* Begin PBXBuildFile section */
		3B08478522177D0000DBC9CF /* MyData.swift in Sources */ = {isa = PBXBuildFile; fileRef = 3B08478422177D0000DBC9CF /* MyData.swift */; };
		3B79893F2215D605007457F7 /* AppDelegate.swift in Sources */ = {isa = PBXBuildFile; fileRef = 3B79893E2215D605007457F7 /* AppDelegate.swift */; };
		3B7989412215D605007457F7 /* MenueVC.swift in Sources */ = {isa = PBXBuildFile; fileRef = 3B7989402215D605007457F7 /* MenueVC.swift */; };
		3B7989442215D605007457F7 /* Main.storyboard in Resources */ = {isa = PBXBuildFile; fileRef = 3B7989422215D605007457F7 /* Main.storyboard */; };
		3B7989472215D605007457F7 /* CoreData_First_Realm_Second.xcdatamodeld in Sources */ = {isa = PBXBuildFile; fileRef = 3B7989452215D605007457F7 /* CoreData_First_Realm_Second.xcdatamodeld */; };
		3B7989492215D606007457F7 /* Assets.xcassets in Resources */ = {isa = PBXBuildFile; fileRef = 3B7989482215D606007457F7 /* Assets.xcassets */; };
		3B79894C2215D606007457F7 /* LaunchScreen.storyboard in Resources */ = {isa = PBXBuildFile; fileRef = 3B79894A2215D606007457F7 /* LaunchScreen.storyboard */; };
		3B7989542215DA6D007457F7 /* DetailVC.swift in Sources */ = {isa = PBXBuildFile; fileRef = 3B7989532215DA6D007457F7 /* DetailVC.swift */; };
		BBDCCA7A2496BCB0CDFC45A4 /* Pods_CoreData_First_Realm_Second.framework in Frameworks */ = {isa = PBXBuildFile; fileRef = A179535C935C5B6E30A4BD7C /* Pods_CoreData_First_Realm_Second.framework */; };
/* End PBXBuildFile section */

/* Begin PBXFileReference section */
		3B08478422177D0000DBC9CF /* MyData.swift */ = {isa = PBXFileReference; lastKnownFileType = sourcecode.swift; path = MyData.swift; sourceTree = "<group>"; };
		3B79893B2215D605007457F7 /* CoreData_First_Realm_Second.app */ = {isa = PBXFileReference; explicitFileType = wrapper.application; includeInIndex = 0; path = CoreData_First_Realm_Second.app; sourceTree = BUILT_PRODUCTS_DIR; };
		3B79893E2215D605007457F7 /* AppDelegate.swift */ = {isa = PBXFileReference; lastKnownFileType = sourcecode.swift; path = AppDelegate.swift; sourceTree = "<group>"; };
		3B7989402215D605007457F7 /* MenueVC.swift */ = {isa = PBXFileReference; lastKnownFileType = sourcecode.swift; path = MenueVC.swift; sourceTree = "<group>"; };
		3B7989432215D605007457F7 /* Base */ = {isa = PBXFileReference; lastKnownFileType = file.storyboard; name = Base; path = Base.lproj/Main.storyboard; sourceTree = "<group>"; };
		3B7989462215D605007457F7 /* CoreData_First_Realm_Second.xcdatamodel */ = {isa = PBXFileReference; lastKnownFileType = wrapper.xcdatamodel; path = CoreData_First_Realm_Second.xcdatamodel; sourceTree = "<group>"; };
		3B7989482215D606007457F7 /* Assets.xcassets */ = {isa = PBXFileReference; lastKnownFileType = folder.assetcatalog; path = Assets.xcassets; sourceTree = "<group>"; };
		3B79894B2215D606007457F7 /* Base */ = {isa = PBXFileReference; lastKnownFileType = file.storyboard; name = Base; path = Base.lproj/LaunchScreen.storyboard; sourceTree = "<group>"; };
		3B79894D2215D606007457F7 /* Info.plist */ = {isa = PBXFileReference; lastKnownFileType = text.plist.xml; path = Info.plist; sourceTree = "<group>"; };
		3B7989532215DA6D007457F7 /* DetailVC.swift */ = {isa = PBXFileReference; lastKnownFileType = sourcecode.swift; path = DetailVC.swift; sourceTree = "<group>"; };
		58CD81830DED7E54735F103F /* Pods-CoreData_First_Realm_Second.release.xcconfig */ = {isa = PBXFileReference; includeInIndex = 1; lastKnownFileType = text.xcconfig; name = "Pods-CoreData_First_Realm_Second.release.xcconfig"; path = "Pods/Target Support Files/Pods-CoreData_First_Realm_Second/Pods-CoreData_First_Realm_Second.release.xcconfig"; sourceTree = "<group>"; };
		A179535C935C5B6E30A4BD7C /* Pods_CoreData_First_Realm_Second.framework */ = {isa = PBXFileReference; explicitFileType = wrapper.framework; includeInIndex = 0; path = Pods_CoreData_First_Realm_Second.framework; sourceTree = BUILT_PRODUCTS_DIR; };
		D16503F70A4935A2240686C9 /* Pods-CoreData_First_Realm_Second.debug.xcconfig */ = {isa = PBXFileReference; includeInIndex = 1; lastKnownFileType = text.xcconfig; name = "Pods-CoreData_First_Realm_Second.debug.xcconfig"; path = "Pods/Target Support Files/Pods-CoreData_First_Realm_Second/Pods-CoreData_First_Realm_Second.debug.xcconfig"; sourceTree = "<group>"; };
/* End PBXFileReference section */

/* Begin PBXFrameworksBuildPhase section */
		3B7989382215D605007457F7 /* Frameworks */ = {
			isa = PBXFrameworksBuildPhase;
			buildActionMask = 2147483647;
			files = (
				BBDCCA7A2496BCB0CDFC45A4 /* Pods_CoreData_First_Realm_Second.framework in Frameworks */,
			);
			runOnlyForDeploymentPostprocessing = 0;
		};
/* End PBXFrameworksBuildPhase section */

/* Begin PBXGroup section */
		3B7989322215D605007457F7 = {
			isa = PBXGroup;
			children = (
				3B79893D2215D605007457F7 /* CoreData_First_Realm_Second */,
				3B79893C2215D605007457F7 /* Products */,
				B9F813D6C48AF80368AA96EB /* Pods */,
				BE7376D27E843565EF38B963 /* Frameworks */,
			);
			sourceTree = "<group>";
		};
		3B79893C2215D605007457F7 /* Products */ = {
			isa = PBXGroup;
			children = (
				3B79893B2215D605007457F7 /* CoreData_First_Realm_Second.app */,
			);
			name = Products;
			sourceTree = "<group>";
		};
		3B79893D2215D605007457F7 /* CoreData_First_Realm_Second */ = {
			isa = PBXGroup;
			children = (
				3B79893E2215D605007457F7 /* AppDelegate.swift */,
				3B7989422215D605007457F7 /* Main.storyboard */,
				3B7989402215D605007457F7 /* MenueVC.swift */,
				3B7989532215DA6D007457F7 /* DetailVC.swift */,
				3B08478422177D0000DBC9CF /* MyData.swift */,
				3B7989482215D606007457F7 /* Assets.xcassets */,
				3B79894A2215D606007457F7 /* LaunchScreen.storyboard */,
				3B79894D2215D606007457F7 /* Info.plist */,
				3B7989452215D605007457F7 /* CoreData_First_Realm_Second.xcdatamodeld */,
			);
			path = CoreData_First_Realm_Second;
			sourceTree = "<group>";
		};
		B9F813D6C48AF80368AA96EB /* Pods */ = {
			isa = PBXGroup;
			children = (
				D16503F70A4935A2240686C9 /* Pods-CoreData_First_Realm_Second.debug.xcconfig */,
				58CD81830DED7E54735F103F /* Pods-CoreData_First_Realm_Second.release.xcconfig */,
			);
			name = Pods;
			sourceTree = "<group>";
		};
		BE7376D27E843565EF38B963 /* Frameworks */ = {
			isa = PBXGroup;
			children = (
				A179535C935C5B6E30A4BD7C /* Pods_CoreData_First_Realm_Second.framework */,
			);
			name = Frameworks;
			sourceTree = "<group>";
		};
/* End PBXGroup section */

/* Begin PBXNativeTarget section */
		3B79893A2215D605007457F7 /* CoreData_First_Realm_Second */ = {
			isa = PBXNativeTarget;
			buildConfigurationList = 3B7989502215D606007457F7 /* Build configuration list for PBXNativeTarget "CoreData_First_Realm_Second" */;
			buildPhases = (
				4DA72D32A366BF685286EE7F /* [CP] Check Pods Manifest.lock */,
				3B7989372215D605007457F7 /* Sources */,
				3B7989382215D605007457F7 /* Frameworks */,
				3B7989392215D605007457F7 /* Resources */,
				9D9184CE8D26DF2CCE72B8B1 /* [CP] Embed Pods Frameworks */,
			);
			buildRules = (
			);
			dependencies = (
			);
			name = CoreData_First_Realm_Second;
			productName = CoreData_First_Realm_Second;
			productReference = 3B79893B2215D605007457F7 /* CoreData_First_Realm_Second.app */;
			productType = "com.apple.product-type.application";
		};
/* End PBXNativeTarget section */

/* Begin PBXProject section */
		3B7989332215D605007457F7 /* Project object */ = {
			isa = PBXProject;
			attributes = {
				LastSwiftUpdateCheck = 1020;
				LastUpgradeCheck = 1020;
				ORGANIZATIONNAME = "Joachim Vetter";
				TargetAttributes = {
					3B79893A2215D605007457F7 = {
						CreatedOnToolsVersion = 10.2;
					};
				};
			};
			buildConfigurationList = 3B7989362215D605007457F7 /* Build configuration list for PBXProject "CoreData_First_Realm_Second" */;
			compatibilityVersion = "Xcode 9.3";
			developmentRegion = en;
			hasScannedForEncodings = 0;
			knownRegions = (
				en,
				Base,
			);
			mainGroup = 3B7989322215D605007457F7;
			productRefGroup = 3B79893C2215D605007457F7 /* Products */;
			projectDirPath = "";
			projectRoot = "";
			targets = (
				3B79893A2215D605007457F7 /* CoreData_First_Realm_Second */,
			);
		};
/* End PBXProject section */

/* Begin PBXResourcesBuildPhase section */
		3B7989392215D605007457F7 /* Resources */ = {
			isa = PBXResourcesBuildPhase;
			buildActionMask = 2147483647;
			files = (
				3B79894C2215D606007457F7 /* LaunchScreen.storyboard in Resources */,
				3B7989492215D606007457F7 /* Assets.xcassets in Resources */,
				3B7989442215D605007457F7 /* Main.storyboard in Resources */,
			);
			runOnlyForDeploymentPostprocessing = 0;
		};
/* End PBXResourcesBuildPhase section */

/* Begin PBXShellScriptBuildPhase section */
		4DA72D32A366BF685286EE7F /* [CP] Check Pods Manifest.lock */ = {
			isa = PBXShellScriptBuildPhase;
			buildActionMask = 2147483647;
			files = (
			);
			inputPaths = (
				"${PODS_PODFILE_DIR_PATH}/Podfile.lock",
				"${PODS_ROOT}/Manifest.lock",
			);
			name = "[CP] Check Pods Manifest.lock";
			outputPaths = (
				"$(DERIVED_FILE_DIR)/Pods-CoreData_First_Realm_Second-checkManifestLockResult.txt",
			);
			runOnlyForDeploymentPostprocessing = 0;
			shellPath = /bin/sh;
			shellScript = "diff \"${PODS_PODFILE_DIR_PATH}/Podfile.lock\" \"${PODS_ROOT}/Manifest.lock\" > /dev/null\nif [ $? != 0 ] ; then\n    # print error to STDERR\n    echo \"error: The sandbox is not in sync with the Podfile.lock. Run 'pod install' or update your CocoaPods installation.\" >&2\n    exit 1\nfi\n# This output is used by Xcode 'outputs' to avoid re-running this script phase.\necho \"SUCCESS\" > \"${SCRIPT_OUTPUT_FILE_0}\"\n";
			showEnvVarsInLog = 0;
		};
		9D9184CE8D26DF2CCE72B8B1 /* [CP] Embed Pods Frameworks */ = {
			isa = PBXShellScriptBuildPhase;
			buildActionMask = 2147483647;
			files = (
			);
			inputPaths = (
				"${SRCROOT}/Pods/Target Support Files/Pods-CoreData_First_Realm_Second/Pods-CoreData_First_Realm_Second-frameworks.sh",
				"${BUILT_PRODUCTS_DIR}/Realm/Realm.framework",
				"${BUILT_PRODUCTS_DIR}/RealmSwift/RealmSwift.framework",
			);
			name = "[CP] Embed Pods Frameworks";
			outputPaths = (
				"${TARGET_BUILD_DIR}/${FRAMEWORKS_FOLDER_PATH}/Realm.framework",
				"${TARGET_BUILD_DIR}/${FRAMEWORKS_FOLDER_PATH}/RealmSwift.framework",
			);
			runOnlyForDeploymentPostprocessing = 0;
			shellPath = /bin/sh;
			shellScript = "\"${SRCROOT}/Pods/Target Support Files/Pods-CoreData_First_Realm_Second/Pods-CoreData_First_Realm_Second-frameworks.sh\"\n";
			showEnvVarsInLog = 0;
		};
/* End PBXShellScriptBuildPhase section */

/* Begin PBXSourcesBuildPhase section */
		3B7989372215D605007457F7 /* Sources */ = {
			isa = PBXSourcesBuildPhase;
			buildActionMask = 2147483647;
			files = (
				3B7989472215D605007457F7 /* CoreData_First_Realm_Second.xcdatamodeld in Sources */,
				3B7989542215DA6D007457F7 /* DetailVC.swift in Sources */,
				3B7989412215D605007457F7 /* MenueVC.swift in Sources */,
				3B08478522177D0000DBC9CF /* MyData.swift in Sources */,
				3B79893F2215D605007457F7 /* AppDelegate.swift in Sources */,
			);
			runOnlyForDeploymentPostprocessing = 0;
		};
/* End PBXSourcesBuildPhase section */

/* Begin PBXVariantGroup section */
		3B7989422215D605007457F7 /* Main.storyboard */ = {
			isa = PBXVariantGroup;
			children = (
				3B7989432215D605007457F7 /* Base */,
			);
			name = Main.storyboard;
			sourceTree = "<group>";
		};
		3B79894A2215D606007457F7 /* LaunchScreen.storyboard */ = {
			isa = PBXVariantGroup;
			children = (
				3B79894B2215D606007457F7 /* Base */,
			);
			name = LaunchScreen.storyboard;
			sourceTree = "<group>";
		};
/* End PBXVariantGroup section */

/* Begin XCBuildConfiguration section */
		3B79894E2215D606007457F7 /* Debug */ = {
			isa = XCBuildConfiguration;
			buildSettings = {
				ALWAYS_SEARCH_USER_PATHS = NO;
				CLANG_ANALYZER_NONNULL = YES;
				CLANG_ANALYZER_NUMBER_OBJECT_CONVERSION = YES_AGGRESSIVE;
				CLANG_CXX_LANGUAGE_STANDARD = "gnu++14";
				CLANG_CXX_LIBRARY = "libc++";
				CLANG_ENABLE_MODULES = YES;
				CLANG_ENABLE_OBJC_ARC = YES;
				CLANG_ENABLE_OBJC_WEAK = YES;
				CLANG_WARN_BLOCK_CAPTURE_AUTORELEASING = YES;
				CLANG_WARN_BOOL_CONVERSION = YES;
				CLANG_WARN_COMMA = YES;
				CLANG_WARN_CONSTANT_CONVERSION = YES;
				CLANG_WARN_DEPRECATED_OBJC_IMPLEMENTATIONS = YES;
				CLANG_WARN_DIRECT_OBJC_ISA_USAGE = YES_ERROR;
				CLANG_WARN_DOCUMENTATION_COMMENTS = YES;
				CLANG_WARN_EMPTY_BODY = YES;
				CLANG_WARN_ENUM_CONVERSION = YES;
				CLANG_WARN_INFINITE_RECURSION = YES;
				CLANG_WARN_INT_CONVERSION = YES;
				CLANG_WARN_NON_LITERAL_NULL_CONVERSION = YES;
				CLANG_WARN_OBJC_IMPLICIT_RETAIN_SELF = YES;
				CLANG_WARN_OBJC_LITERAL_CONVERSION = YES;
				CLANG_WARN_OBJC_ROOT_CLASS = YES_ERROR;
				CLANG_WARN_RANGE_LOOP_ANALYSIS = YES;
				CLANG_WARN_STRICT_PROTOTYPES = YES;
				CLANG_WARN_SUSPICIOUS_MOVE = YES;
				CLANG_WARN_UNGUARDED_AVAILABILITY = YES_AGGRESSIVE;
				CLANG_WARN_UNREACHABLE_CODE = YES;
				CLANG_WARN__DUPLICATE_METHOD_MATCH = YES;
				CODE_SIGN_IDENTITY = "iPhone Developer";
				COPY_PHASE_STRIP = NO;
				DEBUG_INFORMATION_FORMAT = dwarf;
				ENABLE_STRICT_OBJC_MSGSEND = YES;
				ENABLE_TESTABILITY = YES;
				GCC_C_LANGUAGE_STANDARD = gnu11;
				GCC_DYNAMIC_NO_PIC = NO;
				GCC_NO_COMMON_BLOCKS = YES;
				GCC_OPTIMIZATION_LEVEL = 0;
				GCC_PREPROCESSOR_DEFINITIONS = (
					"DEBUG=1",
					"$(inherited)",
				);
				GCC_WARN_64_TO_32_BIT_CONVERSION = YES;
				GCC_WARN_ABOUT_RETURN_TYPE = YES_ERROR;
				GCC_WARN_UNDECLARED_SELECTOR = YES;
				GCC_WARN_UNINITIALIZED_AUTOS = YES_AGGRESSIVE;
				GCC_WARN_UNUSED_FUNCTION = YES;
				GCC_WARN_UNUSED_VARIABLE = YES;
				IPHONEOS_DEPLOYMENT_TARGET = 12.2;
				MTL_ENABLE_DEBUG_INFO = INCLUDE_SOURCE;
				MTL_FAST_MATH = YES;
				ONLY_ACTIVE_ARCH = YES;
				SDKROOT = iphoneos;
				SWIFT_ACTIVE_COMPILATION_CONDITIONS = DEBUG;
				SWIFT_OPTIMIZATION_LEVEL = "-Onone";
			};
			name = Debug;
		};
		3B79894F2215D606007457F7 /* Release */ = {
			isa = XCBuildConfiguration;
			buildSettings = {
				ALWAYS_SEARCH_USER_PATHS = NO;
				CLANG_ANALYZER_NONNULL = YES;
				CLANG_ANALYZER_NUMBER_OBJECT_CONVERSION = YES_AGGRESSIVE;
				CLANG_CXX_LANGUAGE_STANDARD = "gnu++14";
				CLANG_CXX_LIBRARY = "libc++";
				CLANG_ENABLE_MODULES = YES;
				CLANG_ENABLE_OBJC_ARC = YES;
				CLANG_ENABLE_OBJC_WEAK = YES;
				CLANG_WARN_BLOCK_CAPTURE_AUTORELEASING = YES;
				CLANG_WARN_BOOL_CONVERSION = YES;
				CLANG_WARN_COMMA = YES;
				CLANG_WARN_CONSTANT_CONVERSION = YES;
				CLANG_WARN_DEPRECATED_OBJC_IMPLEMENTATIONS = YES;
				CLANG_WARN_DIRECT_OBJC_ISA_USAGE = YES_ERROR;
				CLANG_WARN_DOCUMENTATION_COMMENTS = YES;
				CLANG_WARN_EMPTY_BODY = YES;
				CLANG_WARN_ENUM_CONVERSION = YES;
				CLANG_WARN_INFINITE_RECURSION = YES;
				CLANG_WARN_INT_CONVERSION = YES;
				CLANG_WARN_NON_LITERAL_NULL_CONVERSION = YES;
				CLANG_WARN_OBJC_IMPLICIT_RETAIN_SELF = YES;
				CLANG_WARN_OBJC_LITERAL_CONVERSION = YES;
				CLANG_WARN_OBJC_ROOT_CLASS = YES_ERROR;
				CLANG_WARN_RANGE_LOOP_ANALYSIS = YES;
				CLANG_WARN_STRICT_PROTOTYPES = YES;
				CLANG_WARN_SUSPICIOUS_MOVE = YES;
				CLANG_WARN_UNGUARDED_AVAILABILITY = YES_AGGRESSIVE;
				CLANG_WARN_UNREACHABLE_CODE = YES;
				CLANG_WARN__DUPLICATE_METHOD_MATCH = YES;
				CODE_SIGN_IDENTITY = "iPhone Developer";
				COPY_PHASE_STRIP = NO;
				DEBUG_INFORMATION_FORMAT = "dwarf-with-dsym";
				ENABLE_NS_ASSERTIONS = NO;
				ENABLE_STRICT_OBJC_MSGSEND = YES;
				GCC_C_LANGUAGE_STANDARD = gnu11;
				GCC_NO_COMMON_BLOCKS = YES;
				GCC_WARN_64_TO_32_BIT_CONVERSION = YES;
				GCC_WARN_ABOUT_RETURN_TYPE = YES_ERROR;
				GCC_WARN_UNDECLARED_SELECTOR = YES;
				GCC_WARN_UNINITIALIZED_AUTOS = YES_AGGRESSIVE;
				GCC_WARN_UNUSED_FUNCTION = YES;
				GCC_WARN_UNUSED_VARIABLE = YES;
				IPHONEOS_DEPLOYMENT_TARGET = 12.2;
				MTL_ENABLE_DEBUG_INFO = NO;
				MTL_FAST_MATH = YES;
				SDKROOT = iphoneos;
				SWIFT_COMPILATION_MODE = wholemodule;
				SWIFT_OPTIMIZATION_LEVEL = "-O";
				VALIDATE_PRODUCT = YES;
			};
			name = Release;
		};
		3B7989512215D606007457F7 /* Debug */ = {
			isa = XCBuildConfiguration;
			baseConfigurationReference = D16503F70A4935A2240686C9 /* Pods-CoreData_First_Realm_Second.debug.xcconfig */;
			buildSettings = {
				ASSETCATALOG_COMPILER_APPICON_NAME = AppIcon;
				CODE_SIGN_STYLE = Automatic;
				DEVELOPMENT_TEAM = VP93YUY9BE;
				INFOPLIST_FILE = CoreData_First_Realm_Second/Info.plist;
				LD_RUNPATH_SEARCH_PATHS = (
					"$(inherited)",
					"@executable_path/Frameworks",
				);
				PRODUCT_BUNDLE_IDENTIFIER = "com.myswift4.CoreData-First-Realm-Second";
				PRODUCT_NAME = "$(TARGET_NAME)";
				SWIFT_VERSION = 5.0;
				TARGETED_DEVICE_FAMILY = "1,2";
			};
			name = Debug;
		};
		3B7989522215D606007457F7 /* Release */ = {
			isa = XCBuildConfiguration;
			baseConfigurationReference = 58CD81830DED7E54735F103F /* Pods-CoreData_First_Realm_Second.release.xcconfig */;
			buildSettings = {
				ASSETCATALOG_COMPILER_APPICON_NAME = AppIcon;
				CODE_SIGN_STYLE = Automatic;
				DEVELOPMENT_TEAM = VP93YUY9BE;
				INFOPLIST_FILE = CoreData_First_Realm_Second/Info.plist;
				LD_RUNPATH_SEARCH_PATHS = (
					"$(inherited)",
					"@executable_path/Frameworks",
				);
				PRODUCT_BUNDLE_IDENTIFIER = "com.myswift4.CoreData-First-Realm-Second";
				PRODUCT_NAME = "$(TARGET_NAME)";
				SWIFT_VERSION = 5.0;
				TARGETED_DEVICE_FAMILY = "1,2";
			};
			name = Release;
		};
/* End XCBuildConfiguration section */

/* Begin XCConfigurationList section */
		3B7989362215D605007457F7 /* Build configuration list for PBXProject "CoreData_First_Realm_Second" */ = {
			isa = XCConfigurationList;
			buildConfigurations = (
				3B79894E2215D606007457F7 /* Debug */,
				3B79894F2215D606007457F7 /* Release */,
			);
			defaultConfigurationIsVisible = 0;
			defaultConfigurationName = Release;
		};
		3B7989502215D606007457F7 /* Build configuration list for PBXNativeTarget "CoreData_First_Realm_Second" */ = {
			isa = XCConfigurationList;
			buildConfigurations = (
				3B7989512215D606007457F7 /* Debug */,
				3B7989522215D606007457F7 /* Release */,
			);
			defaultConfigurationIsVisible = 0;
			defaultConfigurationName = Release;
		};
/* End XCConfigurationList section */

/* Begin XCVersionGroup section */
		3B7989452215D605007457F7 /* CoreData_First_Realm_Second.xcdatamodeld */ = {
			isa = XCVersionGroup;
			children = (
				3B7989462215D605007457F7 /* CoreData_First_Realm_Second.xcdatamodel */,
			);
			currentVersion = 3B7989462215D605007457F7 /* CoreData_First_Realm_Second.xcdatamodel */;
			path = CoreData_First_Realm_Second.xcdatamodeld;
			sourceTree = "<group>";
			versionGroupType = wrapper.xcdatamodel;
		};
/* End XCVersionGroup section */
	};
	rootObject = 3B7989332215D605007457F7 /* Project object */;
}
